// !$*UTF8*$!
{
	archiveVersion = 1;
	classes = {
	};
	objectVersion = 55;
	objects = {

/* Begin PBXBuildFile section */
		2F0750662AFD65100097FA0A /* RegistrationView.swift in Sources */ = {isa = PBXBuildFile; fileRef = 2F0750652AFD65100097FA0A /* RegistrationView.swift */; };
		2F0750682AFD651F0097FA0A /* HomeView.swift in Sources */ = {isa = PBXBuildFile; fileRef = 2F0750672AFD651F0097FA0A /* HomeView.swift */; };
		2F07506A2AFD65300097FA0A /* ChartsView.swift in Sources */ = {isa = PBXBuildFile; fileRef = 2F0750692AFD65300097FA0A /* ChartsView.swift */; };
		2F07506C2AFD655F0097FA0A /* SoundsView.swift in Sources */ = {isa = PBXBuildFile; fileRef = 2F07506B2AFD655F0097FA0A /* SoundsView.swift */; };
		2F07506E2AFD65DB0097FA0A /* SplashScreenView.swift in Sources */ = {isa = PBXBuildFile; fileRef = 2F07506D2AFD65DB0097FA0A /* SplashScreenView.swift */; };
		2F46E5EE2AFDBA8500A275F9 /* SettingsView.swift in Sources */ = {isa = PBXBuildFile; fileRef = 2F46E5ED2AFDBA8500A275F9 /* SettingsView.swift */; };
		2F46E5F12AFDC45F00A275F9 /* SwiftUICharts in Frameworks */ = {isa = PBXBuildFile; productRef = 2F46E5F02AFDC45F00A275F9 /* SwiftUICharts */; };
		2F46E5F32AFDCC9800A275F9 /* BarGraphView.swift in Sources */ = {isa = PBXBuildFile; fileRef = 2F46E5F22AFDCC9800A275F9 /* BarGraphView.swift */; };
		2F47B2882AEB2CC3001E0EB4 /* Circadian_SleepApp.swift in Sources */ = {isa = PBXBuildFile; fileRef = 2F47B2872AEB2CC3001E0EB4 /* Circadian_SleepApp.swift */; };
		2F47B28A2AEB2CC3001E0EB4 /* ContentView.swift in Sources */ = {isa = PBXBuildFile; fileRef = 2F47B2892AEB2CC3001E0EB4 /* ContentView.swift */; };
		2F47B28C2AEB2CC4001E0EB4 /* Assets.xcassets in Resources */ = {isa = PBXBuildFile; fileRef = 2F47B28B2AEB2CC4001E0EB4 /* Assets.xcassets */; };
		2F47B28F2AEB2CC4001E0EB4 /* Preview Assets.xcassets in Resources */ = {isa = PBXBuildFile; fileRef = 2F47B28E2AEB2CC4001E0EB4 /* Preview Assets.xcassets */; };
		2F47B2992AEB2CC4001E0EB4 /* Circadian_SleepTests.swift in Sources */ = {isa = PBXBuildFile; fileRef = 2F47B2982AEB2CC4001E0EB4 /* Circadian_SleepTests.swift */; };
		2F47B2A32AEB2CC4001E0EB4 /* Circadian_SleepUITests.swift in Sources */ = {isa = PBXBuildFile; fileRef = 2F47B2A22AEB2CC4001E0EB4 /* Circadian_SleepUITests.swift */; };
		2F47B2A52AEB2CC4001E0EB4 /* Circadian_SleepUITestsLaunchTests.swift in Sources */ = {isa = PBXBuildFile; fileRef = 2F47B2A42AEB2CC4001E0EB4 /* Circadian_SleepUITestsLaunchTests.swift */; };
		2F8E75CD2B02D0AC003F1F36 /* SharedBackgroundStyle.swift in Sources */ = {isa = PBXBuildFile; fileRef = 2F8E75CC2B02D0AC003F1F36 /* SharedBackgroundStyle.swift */; };
		2FA06F402B2A87E800A11E56 /* forest.mp3 in Resources */ = {isa = PBXBuildFile; fileRef = 2FA06F3C2B2A87E800A11E56 /* forest.mp3 */; };
		2FA06F412B2A87E800A11E56 /* Traffic.mp3 in Resources */ = {isa = PBXBuildFile; fileRef = 2FA06F3D2B2A87E800A11E56 /* Traffic.mp3 */; };
		2FA06F422B2A87E800A11E56 /* White_Noise.mp3 in Resources */ = {isa = PBXBuildFile; fileRef = 2FA06F3E2B2A87E800A11E56 /* White_Noise.mp3 */; };
		2FA06F432B2A87E800A11E56 /* ocean.mp3 in Resources */ = {isa = PBXBuildFile; fileRef = 2FA06F3F2B2A87E800A11E56 /* ocean.mp3 */; };
/* End PBXBuildFile section */

/* Begin PBXContainerItemProxy section */
		2F47B2952AEB2CC4001E0EB4 /* PBXContainerItemProxy */ = {
			isa = PBXContainerItemProxy;
			containerPortal = 2F47B27C2AEB2CC3001E0EB4 /* Project object */;
			proxyType = 1;
			remoteGlobalIDString = 2F47B2832AEB2CC3001E0EB4;
			remoteInfo = "Circadian Sleep";
		};
		2F47B29F2AEB2CC4001E0EB4 /* PBXContainerItemProxy */ = {
			isa = PBXContainerItemProxy;
			containerPortal = 2F47B27C2AEB2CC3001E0EB4 /* Project object */;
			proxyType = 1;
			remoteGlobalIDString = 2F47B2832AEB2CC3001E0EB4;
			remoteInfo = "Circadian Sleep";
		};
/* End PBXContainerItemProxy section */

/* Begin PBXFileReference section */
		2F0750652AFD65100097FA0A /* RegistrationView.swift */ = {isa = PBXFileReference; lastKnownFileType = sourcecode.swift; path = RegistrationView.swift; sourceTree = "<group>"; };
		2F0750672AFD651F0097FA0A /* HomeView.swift */ = {isa = PBXFileReference; lastKnownFileType = sourcecode.swift; path = HomeView.swift; sourceTree = "<group>"; };
		2F0750692AFD65300097FA0A /* ChartsView.swift */ = {isa = PBXFileReference; lastKnownFileType = sourcecode.swift; path = ChartsView.swift; sourceTree = "<group>"; };
		2F07506B2AFD655F0097FA0A /* SoundsView.swift */ = {isa = PBXFileReference; lastKnownFileType = sourcecode.swift; path = SoundsView.swift; sourceTree = "<group>"; };
		2F07506D2AFD65DB0097FA0A /* SplashScreenView.swift */ = {isa = PBXFileReference; lastKnownFileType = sourcecode.swift; path = SplashScreenView.swift; sourceTree = "<group>"; };
		2F46E5ED2AFDBA8500A275F9 /* SettingsView.swift */ = {isa = PBXFileReference; lastKnownFileType = sourcecode.swift; path = SettingsView.swift; sourceTree = "<group>"; };
		2F46E5F22AFDCC9800A275F9 /* BarGraphView.swift */ = {isa = PBXFileReference; lastKnownFileType = sourcecode.swift; path = BarGraphView.swift; sourceTree = "<group>"; };
		2F47B2842AEB2CC3001E0EB4 /* Circadian Sleep.app */ = {isa = PBXFileReference; explicitFileType = wrapper.application; includeInIndex = 0; path = "Circadian Sleep.app"; sourceTree = BUILT_PRODUCTS_DIR; };
		2F47B2872AEB2CC3001E0EB4 /* Circadian_SleepApp.swift */ = {isa = PBXFileReference; lastKnownFileType = sourcecode.swift; path = Circadian_SleepApp.swift; sourceTree = "<group>"; };
		2F47B2892AEB2CC3001E0EB4 /* ContentView.swift */ = {isa = PBXFileReference; lastKnownFileType = sourcecode.swift; path = ContentView.swift; sourceTree = "<group>"; };
		2F47B28B2AEB2CC4001E0EB4 /* Assets.xcassets */ = {isa = PBXFileReference; lastKnownFileType = folder.assetcatalog; path = Assets.xcassets; sourceTree = "<group>"; };
		2F47B28E2AEB2CC4001E0EB4 /* Preview Assets.xcassets */ = {isa = PBXFileReference; lastKnownFileType = folder.assetcatalog; path = "Preview Assets.xcassets"; sourceTree = "<group>"; };
		2F47B2942AEB2CC4001E0EB4 /* Circadian SleepTests.xctest */ = {isa = PBXFileReference; explicitFileType = wrapper.cfbundle; includeInIndex = 0; path = "Circadian SleepTests.xctest"; sourceTree = BUILT_PRODUCTS_DIR; };
		2F47B2982AEB2CC4001E0EB4 /* Circadian_SleepTests.swift */ = {isa = PBXFileReference; lastKnownFileType = sourcecode.swift; path = Circadian_SleepTests.swift; sourceTree = "<group>"; };
		2F47B29E2AEB2CC4001E0EB4 /* Circadian SleepUITests.xctest */ = {isa = PBXFileReference; explicitFileType = wrapper.cfbundle; includeInIndex = 0; path = "Circadian SleepUITests.xctest"; sourceTree = BUILT_PRODUCTS_DIR; };
		2F47B2A22AEB2CC4001E0EB4 /* Circadian_SleepUITests.swift */ = {isa = PBXFileReference; lastKnownFileType = sourcecode.swift; path = Circadian_SleepUITests.swift; sourceTree = "<group>"; };
		2F47B2A42AEB2CC4001E0EB4 /* Circadian_SleepUITestsLaunchTests.swift */ = {isa = PBXFileReference; lastKnownFileType = sourcecode.swift; path = Circadian_SleepUITestsLaunchTests.swift; sourceTree = "<group>"; };
		2F8E75CC2B02D0AC003F1F36 /* SharedBackgroundStyle.swift */ = {isa = PBXFileReference; lastKnownFileType = sourcecode.swift; path = SharedBackgroundStyle.swift; sourceTree = "<group>"; };
		2FA06F3C2B2A87E800A11E56 /* forest.mp3 */ = {isa = PBXFileReference; lastKnownFileType = audio.mp3; path = forest.mp3; sourceTree = "<group>"; };
		2FA06F3D2B2A87E800A11E56 /* Traffic.mp3 */ = {isa = PBXFileReference; lastKnownFileType = audio.mp3; path = Traffic.mp3; sourceTree = "<group>"; };
		2FA06F3E2B2A87E800A11E56 /* White_Noise.mp3 */ = {isa = PBXFileReference; lastKnownFileType = audio.mp3; path = White_Noise.mp3; sourceTree = "<group>"; };
		2FA06F3F2B2A87E800A11E56 /* ocean.mp3 */ = {isa = PBXFileReference; lastKnownFileType = audio.mp3; path = ocean.mp3; sourceTree = "<group>"; };
/* End PBXFileReference section */

/* Begin PBXFrameworksBuildPhase section */
		2F47B2812AEB2CC3001E0EB4 /* Frameworks */ = {
			isa = PBXFrameworksBuildPhase;
			buildActionMask = 2147483647;
			files = (
				2F46E5F12AFDC45F00A275F9 /* SwiftUICharts in Frameworks */,
			);
			runOnlyForDeploymentPostprocessing = 0;
		};
		2F47B2912AEB2CC4001E0EB4 /* Frameworks */ = {
			isa = PBXFrameworksBuildPhase;
			buildActionMask = 2147483647;
			files = (
			);
			runOnlyForDeploymentPostprocessing = 0;
		};
		2F47B29B2AEB2CC4001E0EB4 /* Frameworks */ = {
			isa = PBXFrameworksBuildPhase;
			buildActionMask = 2147483647;
			files = (
			);
			runOnlyForDeploymentPostprocessing = 0;
		};
/* End PBXFrameworksBuildPhase section */

/* Begin PBXGroup section */
		2F47B27B2AEB2CC3001E0EB4 = {
			isa = PBXGroup;
			children = (
				2F47B2862AEB2CC3001E0EB4 /* Circadian Sleep */,
				2F47B2972AEB2CC4001E0EB4 /* Circadian SleepTests */,
				2F47B2A12AEB2CC4001E0EB4 /* Circadian SleepUITests */,
				2F47B2852AEB2CC3001E0EB4 /* Products */,
			);
			sourceTree = "<group>";
		};
		2F47B2852AEB2CC3001E0EB4 /* Products */ = {
			isa = PBXGroup;
			children = (
				2F47B2842AEB2CC3001E0EB4 /* Circadian Sleep.app */,
				2F47B2942AEB2CC4001E0EB4 /* Circadian SleepTests.xctest */,
				2F47B29E2AEB2CC4001E0EB4 /* Circadian SleepUITests.xctest */,
			);
			name = Products;
			sourceTree = "<group>";
		};
		2F47B2862AEB2CC3001E0EB4 /* Circadian Sleep */ = {
			isa = PBXGroup;
			children = (
				2F47B2872AEB2CC3001E0EB4 /* Circadian_SleepApp.swift */,
				2F47B2892AEB2CC3001E0EB4 /* ContentView.swift */,
				2F07506D2AFD65DB0097FA0A /* SplashScreenView.swift */,
				2F0750652AFD65100097FA0A /* RegistrationView.swift */,
				2F0750672AFD651F0097FA0A /* HomeView.swift */,
				2F0750692AFD65300097FA0A /* ChartsView.swift */,
				2F46E5F22AFDCC9800A275F9 /* BarGraphView.swift */,
				2F07506B2AFD655F0097FA0A /* SoundsView.swift */,
				2FA06F3C2B2A87E800A11E56 /* forest.mp3 */,
				2FA06F3F2B2A87E800A11E56 /* ocean.mp3 */,
				2FA06F3D2B2A87E800A11E56 /* Traffic.mp3 */,
				2FA06F3E2B2A87E800A11E56 /* White_Noise.mp3 */,
				2F46E5ED2AFDBA8500A275F9 /* SettingsView.swift */,
				2F8E75CC2B02D0AC003F1F36 /* SharedBackgroundStyle.swift */,
				2F47B28B2AEB2CC4001E0EB4 /* Assets.xcassets */,
				2F47B28D2AEB2CC4001E0EB4 /* Preview Content */,
			);
			path = "Circadian Sleep";
			sourceTree = "<group>";
		};
		2F47B28D2AEB2CC4001E0EB4 /* Preview Content */ = {
			isa = PBXGroup;
			children = (
				2F47B28E2AEB2CC4001E0EB4 /* Preview Assets.xcassets */,
			);
			path = "Preview Content";
			sourceTree = "<group>";
		};
		2F47B2972AEB2CC4001E0EB4 /* Circadian SleepTests */ = {
			isa = PBXGroup;
			children = (
				2F47B2982AEB2CC4001E0EB4 /* Circadian_SleepTests.swift */,
			);
			path = "Circadian SleepTests";
			sourceTree = "<group>";
		};
		2F47B2A12AEB2CC4001E0EB4 /* Circadian SleepUITests */ = {
			isa = PBXGroup;
			children = (
				2F47B2A22AEB2CC4001E0EB4 /* Circadian_SleepUITests.swift */,
				2F47B2A42AEB2CC4001E0EB4 /* Circadian_SleepUITestsLaunchTests.swift */,
			);
			path = "Circadian SleepUITests";
			sourceTree = "<group>";
		};
/* End PBXGroup section */

/* Begin PBXNativeTarget section */
		2F47B2832AEB2CC3001E0EB4 /* Circadian Sleep */ = {
			isa = PBXNativeTarget;
			buildConfigurationList = 2F47B2A82AEB2CC4001E0EB4 /* Build configuration list for PBXNativeTarget "Circadian Sleep" */;
			buildPhases = (
				2F47B2802AEB2CC3001E0EB4 /* Sources */,
				2F47B2812AEB2CC3001E0EB4 /* Frameworks */,
				2F47B2822AEB2CC3001E0EB4 /* Resources */,
			);
			buildRules = (
			);
			dependencies = (
			);
			name = "Circadian Sleep";
			packageProductDependencies = (
				2F46E5F02AFDC45F00A275F9 /* SwiftUICharts */,
			);
			productName = "Circadian Sleep";
			productReference = 2F47B2842AEB2CC3001E0EB4 /* Circadian Sleep.app */;
			productType = "com.apple.product-type.application";
		};
		2F47B2932AEB2CC4001E0EB4 /* Circadian SleepTests */ = {
			isa = PBXNativeTarget;
			buildConfigurationList = 2F47B2AB2AEB2CC4001E0EB4 /* Build configuration list for PBXNativeTarget "Circadian SleepTests" */;
			buildPhases = (
				2F47B2902AEB2CC4001E0EB4 /* Sources */,
				2F47B2912AEB2CC4001E0EB4 /* Frameworks */,
				2F47B2922AEB2CC4001E0EB4 /* Resources */,
			);
			buildRules = (
			);
			dependencies = (
				2F47B2962AEB2CC4001E0EB4 /* PBXTargetDependency */,
			);
			name = "Circadian SleepTests";
			productName = "Circadian SleepTests";
			productReference = 2F47B2942AEB2CC4001E0EB4 /* Circadian SleepTests.xctest */;
			productType = "com.apple.product-type.bundle.unit-test";
		};
		2F47B29D2AEB2CC4001E0EB4 /* Circadian SleepUITests */ = {
			isa = PBXNativeTarget;
			buildConfigurationList = 2F47B2AE2AEB2CC4001E0EB4 /* Build configuration list for PBXNativeTarget "Circadian SleepUITests" */;
			buildPhases = (
				2F47B29A2AEB2CC4001E0EB4 /* Sources */,
				2F47B29B2AEB2CC4001E0EB4 /* Frameworks */,
				2F47B29C2AEB2CC4001E0EB4 /* Resources */,
			);
			buildRules = (
			);
			dependencies = (
				2F47B2A02AEB2CC4001E0EB4 /* PBXTargetDependency */,
			);
			name = "Circadian SleepUITests";
			productName = "Circadian SleepUITests";
			productReference = 2F47B29E2AEB2CC4001E0EB4 /* Circadian SleepUITests.xctest */;
			productType = "com.apple.product-type.bundle.ui-testing";
		};
/* End PBXNativeTarget section */

/* Begin PBXProject section */
		2F47B27C2AEB2CC3001E0EB4 /* Project object */ = {
			isa = PBXProject;
			attributes = {
				BuildIndependentTargetsInParallel = 1;
				LastSwiftUpdateCheck = 1340;
				LastUpgradeCheck = 1340;
				TargetAttributes = {
					2F47B2832AEB2CC3001E0EB4 = {
						CreatedOnToolsVersion = 13.4.1;
					};
					2F47B2932AEB2CC4001E0EB4 = {
						CreatedOnToolsVersion = 13.4.1;
						TestTargetID = 2F47B2832AEB2CC3001E0EB4;
					};
					2F47B29D2AEB2CC4001E0EB4 = {
						CreatedOnToolsVersion = 13.4.1;
						TestTargetID = 2F47B2832AEB2CC3001E0EB4;
					};
				};
			};
			buildConfigurationList = 2F47B27F2AEB2CC3001E0EB4 /* Build configuration list for PBXProject "Circadian Sleep" */;
			compatibilityVersion = "Xcode 13.0";
			developmentRegion = en;
			hasScannedForEncodings = 0;
			knownRegions = (
				en,
				Base,
			);
			mainGroup = 2F47B27B2AEB2CC3001E0EB4;
			packageReferences = (
				2F46E5EF2AFDC45F00A275F9 /* XCRemoteSwiftPackageReference "ChartView" */,
			);
			productRefGroup = 2F47B2852AEB2CC3001E0EB4 /* Products */;
			projectDirPath = "";
			projectRoot = "";
			targets = (
				2F47B2832AEB2CC3001E0EB4 /* Circadian Sleep */,
				2F47B2932AEB2CC4001E0EB4 /* Circadian SleepTests */,
				2F47B29D2AEB2CC4001E0EB4 /* Circadian SleepUITests */,
			);
		};
/* End PBXProject section */

/* Begin PBXResourcesBuildPhase section */
		2F47B2822AEB2CC3001E0EB4 /* Resources */ = {
			isa = PBXResourcesBuildPhase;
			buildActionMask = 2147483647;
			files = (
				2FA06F412B2A87E800A11E56 /* Traffic.mp3 in Resources */,
				2FA06F432B2A87E800A11E56 /* ocean.mp3 in Resources */,
				2FA06F422B2A87E800A11E56 /* White_Noise.mp3 in Resources */,
				2F47B28F2AEB2CC4001E0EB4 /* Preview Assets.xcassets in Resources */,
				2FA06F402B2A87E800A11E56 /* forest.mp3 in Resources */,
				2F47B28C2AEB2CC4001E0EB4 /* Assets.xcassets in Resources */,
			);
			runOnlyForDeploymentPostprocessing = 0;
		};
		2F47B2922AEB2CC4001E0EB4 /* Resources */ = {
			isa = PBXResourcesBuildPhase;
			buildActionMask = 2147483647;
			files = (
			);
			runOnlyForDeploymentPostprocessing = 0;
		};
		2F47B29C2AEB2CC4001E0EB4 /* Resources */ = {
			isa = PBXResourcesBuildPhase;
			buildActionMask = 2147483647;
			files = (
			);
			runOnlyForDeploymentPostprocessing = 0;
		};
/* End PBXResourcesBuildPhase section */

/* Begin PBXSourcesBuildPhase section */
		2F47B2802AEB2CC3001E0EB4 /* Sources */ = {
			isa = PBXSourcesBuildPhase;
			buildActionMask = 2147483647;
			files = (
				2F0750662AFD65100097FA0A /* RegistrationView.swift in Sources */,
				2F46E5EE2AFDBA8500A275F9 /* SettingsView.swift in Sources */,
				2F0750682AFD651F0097FA0A /* HomeView.swift in Sources */,
				2F07506A2AFD65300097FA0A /* ChartsView.swift in Sources */,
				2F47B28A2AEB2CC3001E0EB4 /* ContentView.swift in Sources */,
				2F8E75CD2B02D0AC003F1F36 /* SharedBackgroundStyle.swift in Sources */,
				2F07506C2AFD655F0097FA0A /* SoundsView.swift in Sources */,
				2F46E5F32AFDCC9800A275F9 /* BarGraphView.swift in Sources */,
				2F47B2882AEB2CC3001E0EB4 /* Circadian_SleepApp.swift in Sources */,
				2F07506E2AFD65DB0097FA0A /* SplashScreenView.swift in Sources */,
			);
			runOnlyForDeploymentPostprocessing = 0;
		};
		2F47B2902AEB2CC4001E0EB4 /* Sources */ = {
			isa = PBXSourcesBuildPhase;
			buildActionMask = 2147483647;
			files = (
				2F47B2992AEB2CC4001E0EB4 /* Circadian_SleepTests.swift in Sources */,
			);
			runOnlyForDeploymentPostprocessing = 0;
		};
		2F47B29A2AEB2CC4001E0EB4 /* Sources */ = {
			isa = PBXSourcesBuildPhase;
			buildActionMask = 2147483647;
			files = (
				2F47B2A32AEB2CC4001E0EB4 /* Circadian_SleepUITests.swift in Sources */,
				2F47B2A52AEB2CC4001E0EB4 /* Circadian_SleepUITestsLaunchTests.swift in Sources */,
			);
			runOnlyForDeploymentPostprocessing = 0;
		};
/* End PBXSourcesBuildPhase section */

/* Begin PBXTargetDependency section */
		2F47B2962AEB2CC4001E0EB4 /* PBXTargetDependency */ = {
			isa = PBXTargetDependency;
			target = 2F47B2832AEB2CC3001E0EB4 /* Circadian Sleep */;
			targetProxy = 2F47B2952AEB2CC4001E0EB4 /* PBXContainerItemProxy */;
		};
		2F47B2A02AEB2CC4001E0EB4 /* PBXTargetDependency */ = {
			isa = PBXTargetDependency;
			target = 2F47B2832AEB2CC3001E0EB4 /* Circadian Sleep */;
			targetProxy = 2F47B29F2AEB2CC4001E0EB4 /* PBXContainerItemProxy */;
		};
/* End PBXTargetDependency section */

/* Begin XCBuildConfiguration section */
		2F47B2A62AEB2CC4001E0EB4 /* Debug */ = {
			isa = XCBuildConfiguration;
			buildSettings = {
				ALWAYS_SEARCH_USER_PATHS = NO;
				CLANG_ANALYZER_NONNULL = YES;
				CLANG_ANALYZER_NUMBER_OBJECT_CONVERSION = YES_AGGRESSIVE;
				CLANG_CXX_LANGUAGE_STANDARD = "gnu++17";
				CLANG_ENABLE_MODULES = YES;
				CLANG_ENABLE_OBJC_ARC = YES;
				CLANG_ENABLE_OBJC_WEAK = YES;
				CLANG_WARN_BLOCK_CAPTURE_AUTORELEASING = YES;
				CLANG_WARN_BOOL_CONVERSION = YES;
				CLANG_WARN_COMMA = YES;
				CLANG_WARN_CONSTANT_CONVERSION = YES;
				CLANG_WARN_DEPRECATED_OBJC_IMPLEMENTATIONS = YES;
				CLANG_WARN_DIRECT_OBJC_ISA_USAGE = YES_ERROR;
				CLANG_WARN_DOCUMENTATION_COMMENTS = YES;
				CLANG_WARN_EMPTY_BODY = YES;
				CLANG_WARN_ENUM_CONVERSION = YES;
				CLANG_WARN_INFINITE_RECURSION = YES;
				CLANG_WARN_INT_CONVERSION = YES;
				CLANG_WARN_NON_LITERAL_NULL_CONVERSION = YES;
				CLANG_WARN_OBJC_IMPLICIT_RETAIN_SELF = YES;
				CLANG_WARN_OBJC_LITERAL_CONVERSION = YES;
				CLANG_WARN_OBJC_ROOT_CLASS = YES_ERROR;
				CLANG_WARN_QUOTED_INCLUDE_IN_FRAMEWORK_HEADER = YES;
				CLANG_WARN_RANGE_LOOP_ANALYSIS = YES;
				CLANG_WARN_STRICT_PROTOTYPES = YES;
				CLANG_WARN_SUSPICIOUS_MOVE = YES;
				CLANG_WARN_UNGUARDED_AVAILABILITY = YES_AGGRESSIVE;
				CLANG_WARN_UNREACHABLE_CODE = YES;
				CLANG_WARN__DUPLICATE_METHOD_MATCH = YES;
				COPY_PHASE_STRIP = NO;
				DEBUG_INFORMATION_FORMAT = dwarf;
				ENABLE_STRICT_OBJC_MSGSEND = YES;
				ENABLE_TESTABILITY = YES;
				GCC_C_LANGUAGE_STANDARD = gnu11;
				GCC_DYNAMIC_NO_PIC = NO;
				GCC_NO_COMMON_BLOCKS = YES;
				GCC_OPTIMIZATION_LEVEL = 0;
				GCC_PREPROCESSOR_DEFINITIONS = (
					"DEBUG=1",
					"$(inherited)",
				);
				GCC_WARN_64_TO_32_BIT_CONVERSION = YES;
				GCC_WARN_ABOUT_RETURN_TYPE = YES_ERROR;
				GCC_WARN_UNDECLARED_SELECTOR = YES;
				GCC_WARN_UNINITIALIZED_AUTOS = YES_AGGRESSIVE;
				GCC_WARN_UNUSED_FUNCTION = YES;
				GCC_WARN_UNUSED_VARIABLE = YES;
				IPHONEOS_DEPLOYMENT_TARGET = 15.5;
				MTL_ENABLE_DEBUG_INFO = INCLUDE_SOURCE;
				MTL_FAST_MATH = YES;
				ONLY_ACTIVE_ARCH = YES;
				SDKROOT = iphoneos;
				SWIFT_ACTIVE_COMPILATION_CONDITIONS = DEBUG;
				SWIFT_OPTIMIZATION_LEVEL = "-Onone";
			};
			name = Debug;
		};
		2F47B2A72AEB2CC4001E0EB4 /* Release */ = {
			isa = XCBuildConfiguration;
			buildSettings = {
				ALWAYS_SEARCH_USER_PATHS = NO;
				CLANG_ANALYZER_NONNULL = YES;
				CLANG_ANALYZER_NUMBER_OBJECT_CONVERSION = YES_AGGRESSIVE;
				CLANG_CXX_LANGUAGE_STANDARD = "gnu++17";
				CLANG_ENABLE_MODULES = YES;
				CLANG_ENABLE_OBJC_ARC = YES;
				CLANG_ENABLE_OBJC_WEAK = YES;
				CLANG_WARN_BLOCK_CAPTURE_AUTORELEASING = YES;
				CLANG_WARN_BOOL_CONVERSION = YES;
				CLANG_WARN_COMMA = YES;
				CLANG_WARN_CONSTANT_CONVERSION = YES;
				CLANG_WARN_DEPRECATED_OBJC_IMPLEMENTATIONS = YES;
				CLANG_WARN_DIRECT_OBJC_ISA_USAGE = YES_ERROR;
				CLANG_WARN_DOCUMENTATION_COMMENTS = YES;
				CLANG_WARN_EMPTY_BODY = YES;
				CLANG_WARN_ENUM_CONVERSION = YES;
				CLANG_WARN_INFINITE_RECURSION = YES;
				CLANG_WARN_INT_CONVERSION = YES;
				CLANG_WARN_NON_LITERAL_NULL_CONVERSION = YES;
				CLANG_WARN_OBJC_IMPLICIT_RETAIN_SELF = YES;
				CLANG_WARN_OBJC_LITERAL_CONVERSION = YES;
				CLANG_WARN_OBJC_ROOT_CLASS = YES_ERROR;
				CLANG_WARN_QUOTED_INCLUDE_IN_FRAMEWORK_HEADER = YES;
				CLANG_WARN_RANGE_LOOP_ANALYSIS = YES;
				CLANG_WARN_STRICT_PROTOTYPES = YES;
				CLANG_WARN_SUSPICIOUS_MOVE = YES;
				CLANG_WARN_UNGUARDED_AVAILABILITY = YES_AGGRESSIVE;
				CLANG_WARN_UNREACHABLE_CODE = YES;
				CLANG_WARN__DUPLICATE_METHOD_MATCH = YES;
				COPY_PHASE_STRIP = NO;
				DEBUG_INFORMATION_FORMAT = "dwarf-with-dsym";
				ENABLE_NS_ASSERTIONS = NO;
				ENABLE_STRICT_OBJC_MSGSEND = YES;
				GCC_C_LANGUAGE_STANDARD = gnu11;
				GCC_NO_COMMON_BLOCKS = YES;
				GCC_WARN_64_TO_32_BIT_CONVERSION = YES;
				GCC_WARN_ABOUT_RETURN_TYPE = YES_ERROR;
				GCC_WARN_UNDECLARED_SELECTOR = YES;
				GCC_WARN_UNINITIALIZED_AUTOS = YES_AGGRESSIVE;
				GCC_WARN_UNUSED_FUNCTION = YES;
				GCC_WARN_UNUSED_VARIABLE = YES;
				IPHONEOS_DEPLOYMENT_TARGET = 15.5;
				MTL_ENABLE_DEBUG_INFO = NO;
				MTL_FAST_MATH = YES;
				SDKROOT = iphoneos;
				SWIFT_COMPILATION_MODE = wholemodule;
				SWIFT_OPTIMIZATION_LEVEL = "-O";
				VALIDATE_PRODUCT = YES;
			};
			name = Release;
		};
		2F47B2A92AEB2CC4001E0EB4 /* Debug */ = {
			isa = XCBuildConfiguration;
			buildSettings = {
				ASSETCATALOG_COMPILER_APPICON_NAME = AppIcon;
				ASSETCATALOG_COMPILER_GLOBAL_ACCENT_COLOR_NAME = AccentColor;
				CODE_SIGN_STYLE = Automatic;
				CURRENT_PROJECT_VERSION = 1;
				DEVELOPMENT_ASSET_PATHS = "\"Circadian Sleep/Preview Content\"";
				DEVELOPMENT_TEAM = 9YCHG5YMGX;
				ENABLE_PREVIEWS = YES;
				GENERATE_INFOPLIST_FILE = YES;
				INFOPLIST_KEY_UIApplicationSceneManifest_Generation = YES;
				INFOPLIST_KEY_UIApplicationSupportsIndirectInputEvents = YES;
				INFOPLIST_KEY_UILaunchScreen_Generation = YES;
				INFOPLIST_KEY_UISupportedInterfaceOrientations_iPad = "UIInterfaceOrientationPortrait UIInterfaceOrientationPortraitUpsideDown UIInterfaceOrientationLandscapeLeft UIInterfaceOrientationLandscapeRight";
				INFOPLIST_KEY_UISupportedInterfaceOrientations_iPhone = "UIInterfaceOrientationPortrait UIInterfaceOrientationLandscapeLeft UIInterfaceOrientationLandscapeRight";
				LD_RUNPATH_SEARCH_PATHS = (
					"$(inherited)",
					"@executable_path/Frameworks",
				);
				MARKETING_VERSION = 1.0;
				PRODUCT_BUNDLE_IDENTIFIER = "RVC.Circadian-Sleep";
				PRODUCT_NAME = "$(TARGET_NAME)";
				SWIFT_EMIT_LOC_STRINGS = YES;
				SWIFT_VERSION = 5.0;
				TARGETED_DEVICE_FAMILY = "1,2";
			};
			name = Debug;
		};
		2F47B2AA2AEB2CC4001E0EB4 /* Release */ = {
			isa = XCBuildConfiguration;
			buildSettings = {
				ASSETCATALOG_COMPILER_APPICON_NAME = AppIcon;
				ASSETCATALOG_COMPILER_GLOBAL_ACCENT_COLOR_NAME = AccentColor;
				CODE_SIGN_STYLE = Automatic;
				CURRENT_PROJECT_VERSION = 1;
				DEVELOPMENT_ASSET_PATHS = "\"Circadian Sleep/Preview Content\"";
				DEVELOPMENT_TEAM = 9YCHG5YMGX;
				ENABLE_PREVIEWS = YES;
				GENERATE_INFOPLIST_FILE = YES;
				INFOPLIST_KEY_UIApplicationSceneManifest_Generation = YES;
				INFOPLIST_KEY_UIApplicationSupportsIndirectInputEvents = YES;
				INFOPLIST_KEY_UILaunchScreen_Generation = YES;
				INFOPLIST_KEY_UISupportedInterfaceOrientations_iPad = "UIInterfaceOrientationPortrait UIInterfaceOrientationPortraitUpsideDown UIInterfaceOrientationLandscapeLeft UIInterfaceOrientationLandscapeRight";
				INFOPLIST_KEY_UISupportedInterfaceOrientations_iPhone = "UIInterfaceOrientationPortrait UIInterfaceOrientationLandscapeLeft UIInterfaceOrientationLandscapeRight";
				LD_RUNPATH_SEARCH_PATHS = (
					"$(inherited)",
					"@executable_path/Frameworks",
				);
				MARKETING_VERSION = 1.0;
				PRODUCT_BUNDLE_IDENTIFIER = "RVC.Circadian-Sleep";
				PRODUCT_NAME = "$(TARGET_NAME)";
				SWIFT_EMIT_LOC_STRINGS = YES;
				SWIFT_VERSION = 5.0;
				TARGETED_DEVICE_FAMILY = "1,2";
			};
			name = Release;
		};
		2F47B2AC2AEB2CC4001E0EB4 /* Debug */ = {
			isa = XCBuildConfiguration;
			buildSettings = {
				ALWAYS_EMBED_SWIFT_STANDARD_LIBRARIES = YES;
				BUNDLE_LOADER = "$(TEST_HOST)";
				CODE_SIGN_STYLE = Automatic;
				CURRENT_PROJECT_VERSION = 1;
				DEVELOPMENT_TEAM = 9YCHG5YMGX;
				GENERATE_INFOPLIST_FILE = YES;
				IPHONEOS_DEPLOYMENT_TARGET = 15.5;
				MARKETING_VERSION = 1.0;
				PRODUCT_BUNDLE_IDENTIFIER = "RVC.Circadian-SleepTests";
				PRODUCT_NAME = "$(TARGET_NAME)";
				SWIFT_EMIT_LOC_STRINGS = NO;
				SWIFT_VERSION = 5.0;
				TARGETED_DEVICE_FAMILY = "1,2";
				TEST_HOST = "$(BUILT_PRODUCTS_DIR)/Circadian Sleep.app/Circadian Sleep";
			};
			name = Debug;
		};
		2F47B2AD2AEB2CC4001E0EB4 /* Release */ = {
			isa = XCBuildConfiguration;
			buildSettings = {
				ALWAYS_EMBED_SWIFT_STANDARD_LIBRARIES = YES;
				BUNDLE_LOADER = "$(TEST_HOST)";
				CODE_SIGN_STYLE = Automatic;
				CURRENT_PROJECT_VERSION = 1;
				DEVELOPMENT_TEAM = 9YCHG5YMGX;
				GENERATE_INFOPLIST_FILE = YES;
				IPHONEOS_DEPLOYMENT_TARGET = 15.5;
				MARKETING_VERSION = 1.0;
				PRODUCT_BUNDLE_IDENTIFIER = "RVC.Circadian-SleepTests";
				PRODUCT_NAME = "$(TARGET_NAME)";
				SWIFT_EMIT_LOC_STRINGS = NO;
				SWIFT_VERSION = 5.0;
				TARGETED_DEVICE_FAMILY = "1,2";
				TEST_HOST = "$(BUILT_PRODUCTS_DIR)/Circadian Sleep.app/Circadian Sleep";
			};
			name = Release;
		};
		2F47B2AF2AEB2CC4001E0EB4 /* Debug */ = {
			isa = XCBuildConfiguration;
			buildSettings = {
				ALWAYS_EMBED_SWIFT_STANDARD_LIBRARIES = YES;
				CODE_SIGN_STYLE = Automatic;
				CURRENT_PROJECT_VERSION = 1;
				DEVELOPMENT_TEAM = 9YCHG5YMGX;
				GENERATE_INFOPLIST_FILE = YES;
				MARKETING_VERSION = 1.0;
				PRODUCT_BUNDLE_IDENTIFIER = "RVC.Circadian-SleepUITests";
				PRODUCT_NAME = "$(TARGET_NAME)";
				SWIFT_EMIT_LOC_STRINGS = NO;
				SWIFT_VERSION = 5.0;
				TARGETED_DEVICE_FAMILY = "1,2";
				TEST_TARGET_NAME = "Circadian Sleep";
			};
			name = Debug;
		};
		2F47B2B02AEB2CC4001E0EB4 /* Release */ = {
			isa = XCBuildConfiguration;
			buildSettings = {
				ALWAYS_EMBED_SWIFT_STANDARD_LIBRARIES = YES;
				CODE_SIGN_STYLE = Automatic;
				CURRENT_PROJECT_VERSION = 1;
				DEVELOPMENT_TEAM = 9YCHG5YMGX;
				GENERATE_INFOPLIST_FILE = YES;
				MARKETING_VERSION = 1.0;
				PRODUCT_BUNDLE_IDENTIFIER = "RVC.Circadian-SleepUITests";
				PRODUCT_NAME = "$(TARGET_NAME)";
				SWIFT_EMIT_LOC_STRINGS = NO;
				SWIFT_VERSION = 5.0;
				TARGETED_DEVICE_FAMILY = "1,2";
				TEST_TARGET_NAME = "Circadian Sleep";
			};
			name = Release;
		};
/* End XCBuildConfiguration section */

/* Begin XCConfigurationList section */
		2F47B27F2AEB2CC3001E0EB4 /* Build configuration list for PBXProject "Circadian Sleep" */ = {
			isa = XCConfigurationList;
			buildConfigurations = (
				2F47B2A62AEB2CC4001E0EB4 /* Debug */,
				2F47B2A72AEB2CC4001E0EB4 /* Release */,
			);
			defaultConfigurationIsVisible = 0;
			defaultConfigurationName = Release;
		};
		2F47B2A82AEB2CC4001E0EB4 /* Build configuration list for PBXNativeTarget "Circadian Sleep" */ = {
			isa = XCConfigurationList;
			buildConfigurations = (
				2F47B2A92AEB2CC4001E0EB4 /* Debug */,
				2F47B2AA2AEB2CC4001E0EB4 /* Release */,
			);
			defaultConfigurationIsVisible = 0;
			defaultConfigurationName = Release;
		};
		2F47B2AB2AEB2CC4001E0EB4 /* Build configuration list for PBXNativeTarget "Circadian SleepTests" */ = {
			isa = XCConfigurationList;
			buildConfigurations = (
				2F47B2AC2AEB2CC4001E0EB4 /* Debug */,
				2F47B2AD2AEB2CC4001E0EB4 /* Release */,
			);
			defaultConfigurationIsVisible = 0;
			defaultConfigurationName = Release;
		};
		2F47B2AE2AEB2CC4001E0EB4 /* Build configuration list for PBXNativeTarget "Circadian SleepUITests" */ = {
			isa = XCConfigurationList;
			buildConfigurations = (
				2F47B2AF2AEB2CC4001E0EB4 /* Debug */,
				2F47B2B02AEB2CC4001E0EB4 /* Release */,
			);
			defaultConfigurationIsVisible = 0;
			defaultConfigurationName = Release;
		};
/* End XCConfigurationList section */

/* Begin XCRemoteSwiftPackageReference section */
		2F46E5EF2AFDC45F00A275F9 /* XCRemoteSwiftPackageReference "ChartView" */ = {
			isa = XCRemoteSwiftPackageReference;
			repositoryURL = "https://github.com/AppPear/ChartView";
			requirement = {
				kind = upToNextMajorVersion;
				minimumVersion = 1.0.0;
			};
		};
/* End XCRemoteSwiftPackageReference section */

/* Begin XCSwiftPackageProductDependency section */
		2F46E5F02AFDC45F00A275F9 /* SwiftUICharts */ = {
			isa = XCSwiftPackageProductDependency;
			package = 2F46E5EF2AFDC45F00A275F9 /* XCRemoteSwiftPackageReference "ChartView" */;
			productName = SwiftUICharts;
		};
/* End XCSwiftPackageProductDependency section */
	};
	rootObject = 2F47B27C2AEB2CC3001E0EB4 /* Project object */;
}
